
Microsoft Visual Studio Solution File, Format Version 12.00
# Visual Studio 15
VisualStudioVersion = 15.0.26730.12
MinimumVisualStudioVersion = 10.0.40219.1
Project("{8BC9CEB8-8B4A-11D0-8D11-00A0C91BC942}") = "hl", "dlls\hl.vcxproj", "{C4CD1E9E-A484-4436-A729-9B913BAE6A26}"
EndProject
Project("{8BC9CEB8-8B4A-11D0-8D11-00A0C91BC942}") = "cl_dll", "cl_dll\cl_dll.vcxproj", "{63DEED01-E58B-43FC-9723-FD8987454C75}"
EndProject
Project("{8BC9CEB8-8B4A-11D0-8D11-00A0C91BC942}") = "opengl32", "GLProxy\GLProxy.vcxproj", "{AAA11FE8-2956-4A34-9563-F2FAFB00D60C}"
EndProject
Project("{8BC9CEB8-8B4A-11D0-8D11-00A0C91BC942}") = "HLVRLauncher", "HLVRLauncher\HLVRLauncher.vcxproj", "{274EE42E-CE6E-47A9-9940-7E00C06B4037}"
EndProject
Global
	GlobalSection(SolutionConfigurationPlatforms) = preSolution
		Debug|x64 = Debug|x64
		Debug|x86 = Debug|x86
		Release|x64 = Release|x64
		Release|x86 = Release|x86
	EndGlobalSection
	GlobalSection(ProjectConfigurationPlatforms) = postSolution
		{C4CD1E9E-A484-4436-A729-9B913BAE6A26}.Debug|x64.ActiveCfg = Debug|Win32
		{C4CD1E9E-A484-4436-A729-9B913BAE6A26}.Debug|x86.ActiveCfg = Debug|Win32
		{C4CD1E9E-A484-4436-A729-9B913BAE6A26}.Debug|x86.Build.0 = Debug|Win32
		{C4CD1E9E-A484-4436-A729-9B913BAE6A26}.Release|x64.ActiveCfg = Release|Win32
		{C4CD1E9E-A484-4436-A729-9B913BAE6A26}.Release|x64.Build.0 = Release|Win32
		{C4CD1E9E-A484-4436-A729-9B913BAE6A26}.Release|x86.ActiveCfg = Release|Win32
		{C4CD1E9E-A484-4436-A729-9B913BAE6A26}.Release|x86.Build.0 = Release|Win32
		{63DEED01-E58B-43FC-9723-FD8987454C75}.Debug|x64.ActiveCfg = Debug|Win32
		{63DEED01-E58B-43FC-9723-FD8987454C75}.Debug|x86.ActiveCfg = Debug|Win32
		{63DEED01-E58B-43FC-9723-FD8987454C75}.Debug|x86.Build.0 = Debug|Win32
		{63DEED01-E58B-43FC-9723-FD8987454C75}.Release|x64.ActiveCfg = Release|Win32
		{63DEED01-E58B-43FC-9723-FD8987454C75}.Release|x64.Build.0 = Release|Win32
		{63DEED01-E58B-43FC-9723-FD8987454C75}.Release|x86.ActiveCfg = Release|Win32
		{63DEED01-E58B-43FC-9723-FD8987454C75}.Release|x86.Build.0 = Release|Win32
		{AAA11FE8-2956-4A34-9563-F2FAFB00D60C}.Debug|x64.ActiveCfg = Debug|x64
		{AAA11FE8-2956-4A34-9563-F2FAFB00D60C}.Debug|x64.Build.0 = Debug|x64
		{AAA11FE8-2956-4A34-9563-F2FAFB00D60C}.Debug|x86.ActiveCfg = Debug|Win32
		{AAA11FE8-2956-4A34-9563-F2FAFB00D60C}.Debug|x86.Build.0 = Debug|Win32
		{AAA11FE8-2956-4A34-9563-F2FAFB00D60C}.Release|x64.ActiveCfg = Release|x64
		{AAA11FE8-2956-4A34-9563-F2FAFB00D60C}.Release|x64.Build.0 = Release|x64
		{AAA11FE8-2956-4A34-9563-F2FAFB00D60C}.Release|x86.ActiveCfg = Release|Win32
		{AAA11FE8-2956-4A34-9563-F2FAFB00D60C}.Release|x86.Build.0 = Release|Win32
		{274EE42E-CE6E-47A9-9940-7E00C06B4037}.Debug|x64.ActiveCfg = Debug|x64
		{274EE42E-CE6E-47A9-9940-7E00C06B4037}.Debug|x64.Build.0 = Debug|x64
		{274EE42E-CE6E-47A9-9940-7E00C06B4037}.Debug|x86.ActiveCfg = Debug|Win32
		{274EE42E-CE6E-47A9-9940-7E00C06B4037}.Debug|x86.Build.0 = Debug|Win32
		{274EE42E-CE6E-47A9-9940-7E00C06B4037}.Release|x64.ActiveCfg = Release|x64
		{274EE42E-CE6E-47A9-9940-7E00C06B4037}.Release|x64.Build.0 = Release|x64
		{274EE42E-CE6E-47A9-9940-7E00C06B4037}.Release|x86.ActiveCfg = Release|Win32
		{274EE42E-CE6E-47A9-9940-7E00C06B4037}.Release|x86.Build.0 = Release|Win32
	EndGlobalSection
	GlobalSection(SolutionProperties) = preSolution
		HideSolutionNode = FALSE
	EndGlobalSection
	GlobalSection(ExtensibilityGlobals) = postSolution
		SolutionGuid = {D4819328-FB39-47C3-93DC-861EBB5DC8F0}
	EndGlobalSection
EndGlobal
