<?xml version="1.0" encoding="utf-8"?>
<Project ToolsVersion="4.0" xmlns="http://schemas.microsoft.com/developer/msbuild/2003">
  <ItemGroup>
    <Filter Include="Source Files">
      <UniqueIdentifier>{74e132de-73cc-4fcc-bdd3-7efd9a0baaa8}</UniqueIdentifier>
      <Extensions>cpp;c;cxx;rc;def;r;odl;idl;hpj;bat;for;f90</Extensions>
    </Filter>
    <Filter Include="Source Files\hl">
      <UniqueIdentifier>{ac8569ce-65c9-4716-aca2-8fcfa4a93ae0}</UniqueIdentifier>
      <Extensions>*.CPP</Extensions>
    </Filter>
    <Filter Include="Header Files">
      <UniqueIdentifier>{f5248f04-04cc-4967-ac0a-4b759d0c2b57}</UniqueIdentifier>
      <Extensions>h;hpp;hxx;hm;inl;fi;fd</Extensions>
    </Filter>
    <Filter Include="Resource Files">
      <UniqueIdentifier>{8534a77e-a6ee-4d0f-b39d-6f21bf54d558}</UniqueIdentifier>
      <Extensions>ico;cur;bmp;dlg;rc2;rct;bin;cnt;rtf;gif;jpg;jpeg;jpe</Extensions>
    </Filter>
    <Filter Include="VR">
      <UniqueIdentifier>{59d388bf-3eb8-4b37-8f48-4b8fe6af08c3}</UniqueIdentifier>
    </Filter>
    <Filter Include="VR\input">
      <UniqueIdentifier>{82956bbd-fb3e-4306-9e5b-b5a2622b4d7e}</UniqueIdentifier>
    </Filter>
    <Filter Include="VR\input\handlers">
      <UniqueIdentifier>{79ae2d23-5186-418d-b09c-de9e55b35f6d}</UniqueIdentifier>
    </Filter>
    <Filter Include="VR\renderer">
      <UniqueIdentifier>{aad6ad09-80c5-46ff-b7b6-ac0e998ee368}</UniqueIdentifier>
    </Filter>
    <Filter Include="VR\stuff">
      <UniqueIdentifier>{03e43685-6e0c-43dd-a40b-c1d6dd329a41}</UniqueIdentifier>
    </Filter>
    <Filter Include="VR\stuff\LodePNG">
      <UniqueIdentifier>{ee18c929-fe94-4059-97f0-3e75645f85a1}</UniqueIdentifier>
    </Filter>
    <Filter Include="VR\helpers">
      <UniqueIdentifier>{a7782f82-9407-4a70-b86b-d27e16554e47}</UniqueIdentifier>
    </Filter>
    <Filter Include="Header Files\gameui">
      <UniqueIdentifier>{50c4a45e-cd62-43a2-89e2-12a35b62e2cd}</UniqueIdentifier>
    </Filter>
    <Filter Include="VR\vr_shared">
      <UniqueIdentifier>{a3f7ece5-bbda-460a-b072-dcf6ce0b2e2d}</UniqueIdentifier>
    </Filter>
    <Filter Include="VR\stuff\Matrices">
      <UniqueIdentifier>{4cad011d-4d4d-464f-b9b3-74283d6386ea}</UniqueIdentifier>
    </Filter>
    <Filter Include="VR\stuff\opengl">
      <UniqueIdentifier>{83c02c98-e327-4e37-bafe-5ba9f44abc4c}</UniqueIdentifier>
    </Filter>
    <Filter Include="VR\sound">
      <UniqueIdentifier>{2258587a-dbbd-435d-912c-fca1051afdd5}</UniqueIdentifier>
    </Filter>
    <Filter Include="VR\metahook">
      <UniqueIdentifier>{c97c8227-3e19-48d0-9cce-84112d50c015}</UniqueIdentifier>
    </Filter>
    <Filter Include="VR\sound\MetaAudio">
      <UniqueIdentifier>{300abd81-01da-4df5-990e-6099cce3247e}</UniqueIdentifier>
    </Filter>
    <Filter Include="VR\sound\dr_wav">
      <UniqueIdentifier>{bfecc395-0c6f-45b6-8406-a34247469240}</UniqueIdentifier>
    </Filter>
    <Filter Include="VR\helpers\random">
      <UniqueIdentifier>{45d5e476-1401-4eab-bf6c-e088b58a734b}</UniqueIdentifier>
    </Filter>
  </ItemGroup>
  <ItemGroup>
    <ClCompile Include="..\dlls\crossbow.cpp">
      <Filter>Source Files\hl</Filter>
    </ClCompile>
    <ClCompile Include="..\dlls\crowbar.cpp">
      <Filter>Source Files\hl</Filter>
    </ClCompile>
    <ClCompile Include="..\dlls\egon.cpp">
      <Filter>Source Files\hl</Filter>
    </ClCompile>
    <ClCompile Include="ev_hldm.cpp">
      <Filter>Source Files\hl</Filter>
    </ClCompile>
    <ClCompile Include="..\dlls\gauss.cpp">
      <Filter>Source Files\hl</Filter>
    </ClCompile>
    <ClCompile Include="..\dlls\handgrenade.cpp">
      <Filter>Source Files\hl</Filter>
    </ClCompile>
    <ClCompile Include="hl\hl_baseentity.cpp">
      <Filter>Source Files\hl</Filter>
    </ClCompile>
    <ClCompile Include="hl\hl_events.cpp">
      <Filter>Source Files\hl</Filter>
    </ClCompile>
    <ClCompile Include="hl\hl_objects.cpp">
      <Filter>Source Files\hl</Filter>
    </ClCompile>
    <ClCompile Include="hl\hl_weapons.cpp">
      <Filter>Source Files\hl</Filter>
    </ClCompile>
    <ClCompile Include="..\dlls\wpn_shared\hl_wpn_glock.cpp">
      <Filter>Source Files\hl</Filter>
    </ClCompile>
    <ClCompile Include="..\dlls\hornetgun.cpp">
      <Filter>Source Files\hl</Filter>
    </ClCompile>
    <ClCompile Include="..\common\interface.cpp">
      <Filter>Source Files\hl</Filter>
    </ClCompile>
    <ClCompile Include="..\dlls\mp5.cpp">
      <Filter>Source Files\hl</Filter>
    </ClCompile>
    <ClCompile Include="..\dlls\python.cpp">
      <Filter>Source Files\hl</Filter>
    </ClCompile>
    <ClCompile Include="..\dlls\rpg.cpp">
      <Filter>Source Files\hl</Filter>
    </ClCompile>
    <ClCompile Include="..\dlls\satchel.cpp">
      <Filter>Source Files\hl</Filter>
    </ClCompile>
    <ClCompile Include="..\dlls\shotgun.cpp">
      <Filter>Source Files\hl</Filter>
    </ClCompile>
    <ClCompile Include="..\dlls\squeakgrenade.cpp">
      <Filter>Source Files\hl</Filter>
    </ClCompile>
    <ClCompile Include="..\dlls\tripmine.cpp">
      <Filter>Source Files\hl</Filter>
    </ClCompile>
    <ClCompile Include="..\game_shared\vgui_scrollbar2.cpp">
      <Filter>Source Files\hl</Filter>
    </ClCompile>
    <ClCompile Include="..\game_shared\vgui_slider2.cpp">
      <Filter>Source Files\hl</Filter>
    </ClCompile>
    <ClCompile Include="..\game_shared\voice_banmgr.cpp">
      <Filter>Source Files\hl</Filter>
    </ClCompile>
    <ClCompile Include="..\game_shared\voice_status.cpp">
      <Filter>Source Files\hl</Filter>
    </ClCompile>
    <ClCompile Include="ammo.cpp">
      <Filter>Source Files</Filter>
    </ClCompile>
    <ClCompile Include="ammo_secondary.cpp">
      <Filter>Source Files</Filter>
    </ClCompile>
    <ClCompile Include="ammohistory.cpp">
      <Filter>Source Files</Filter>
    </ClCompile>
    <ClCompile Include="battery.cpp">
      <Filter>Source Files</Filter>
    </ClCompile>
    <ClCompile Include="cdll_int.cpp">
      <Filter>Source Files</Filter>
    </ClCompile>
    <ClCompile Include="com_weapons.cpp">
      <Filter>Source Files</Filter>
    </ClCompile>
    <ClCompile Include="death.cpp">
      <Filter>Source Files</Filter>
    </ClCompile>
    <ClCompile Include="demo.cpp">
      <Filter>Source Files</Filter>
    </ClCompile>
    <ClCompile Include="entity.cpp">
      <Filter>Source Files</Filter>
    </ClCompile>
    <ClCompile Include="ev_common.cpp">
      <Filter>Source Files</Filter>
    </ClCompile>
    <ClCompile Include="events.cpp">
      <Filter>Source Files</Filter>
    </ClCompile>
    <ClCompile Include="flashlight.cpp">
      <Filter>Source Files</Filter>
    </ClCompile>
    <ClCompile Include="GameStudioModelRenderer.cpp">
      <Filter>Source Files</Filter>
    </ClCompile>
    <ClCompile Include="geiger.cpp">
      <Filter>Source Files</Filter>
    </ClCompile>
    <ClCompile Include="health.cpp">
      <Filter>Source Files</Filter>
    </ClCompile>
    <ClCompile Include="hud.cpp">
      <Filter>Source Files</Filter>
    </ClCompile>
    <ClCompile Include="hud_msg.cpp">
      <Filter>Source Files</Filter>
    </ClCompile>
    <ClCompile Include="hud_redraw.cpp">
      <Filter>Source Files</Filter>
    </ClCompile>
    <ClCompile Include="hud_servers.cpp">
      <Filter>Source Files</Filter>
    </ClCompile>
    <ClCompile Include="hud_spectator.cpp">
      <Filter>Source Files</Filter>
    </ClCompile>
    <ClCompile Include="hud_update.cpp">
      <Filter>Source Files</Filter>
    </ClCompile>
    <ClCompile Include="in_camera.cpp">
      <Filter>Source Files</Filter>
    </ClCompile>
    <ClCompile Include="input.cpp">
      <Filter>Source Files</Filter>
    </ClCompile>
    <ClCompile Include="inputw32.cpp">
      <Filter>Source Files</Filter>
    </ClCompile>
    <ClCompile Include="menu.cpp">
      <Filter>Source Files</Filter>
    </ClCompile>
    <ClCompile Include="message.cpp">
      <Filter>Source Files</Filter>
    </ClCompile>
    <ClCompile Include="overview.cpp">
      <Filter>Source Files</Filter>
    </ClCompile>
    <ClCompile Include="parsemsg.cpp">
      <Filter>Source Files</Filter>
    </ClCompile>
    <ClCompile Include="saytext.cpp">
      <Filter>Source Files</Filter>
    </ClCompile>
    <ClCompile Include="status_icons.cpp">
      <Filter>Source Files</Filter>
    </ClCompile>
    <ClCompile Include="statusbar.cpp">
      <Filter>Source Files</Filter>
    </ClCompile>
    <ClCompile Include="studio_util.cpp">
      <Filter>Source Files</Filter>
    </ClCompile>
    <ClCompile Include="StudioModelRenderer.cpp">
      <Filter>Source Files</Filter>
    </ClCompile>
    <ClCompile Include="text_message.cpp">
      <Filter>Source Files</Filter>
    </ClCompile>
    <ClCompile Include="train.cpp">
      <Filter>Source Files</Filter>
    </ClCompile>
    <ClCompile Include="tri.cpp">
      <Filter>Source Files</Filter>
    </ClCompile>
    <ClCompile Include="util.cpp">
      <Filter>Source Files</Filter>
    </ClCompile>
    <ClCompile Include="..\game_shared\vgui_checkbutton2.cpp">
      <Filter>Source Files</Filter>
    </ClCompile>
    <ClCompile Include="vgui_ClassMenu.cpp">
      <Filter>Source Files</Filter>
    </ClCompile>
    <ClCompile Include="vgui_ConsolePanel.cpp">
      <Filter>Source Files</Filter>
    </ClCompile>
    <ClCompile Include="vgui_ControlConfigPanel.cpp">
      <Filter>Source Files</Filter>
    </ClCompile>
    <ClCompile Include="vgui_CustomObjects.cpp">
      <Filter>Source Files</Filter>
    </ClCompile>
    <ClCompile Include="..\game_shared\vgui_grid.cpp">
      <Filter>Source Files</Filter>
    </ClCompile>
    <ClCompile Include="..\game_shared\vgui_helpers.cpp">
      <Filter>Source Files</Filter>
    </ClCompile>
    <ClCompile Include="vgui_int.cpp">
      <Filter>Source Files</Filter>
    </ClCompile>
    <ClCompile Include="..\game_shared\vgui_listbox.cpp">
      <Filter>Source Files</Filter>
    </ClCompile>
    <ClCompile Include="..\game_shared\vgui_loadtga.cpp">
      <Filter>Source Files</Filter>
    </ClCompile>
    <ClCompile Include="vgui_MOTDWindow.cpp">
      <Filter>Source Files</Filter>
    </ClCompile>
    <ClCompile Include="vgui_SchemeManager.cpp">
      <Filter>Source Files</Filter>
    </ClCompile>
    <ClCompile Include="vgui_ScorePanel.cpp">
      <Filter>Source Files</Filter>
    </ClCompile>
    <ClCompile Include="vgui_ServerBrowser.cpp">
      <Filter>Source Files</Filter>
    </ClCompile>
    <ClCompile Include="vgui_SpectatorPanel.cpp">
      <Filter>Source Files</Filter>
    </ClCompile>
    <ClCompile Include="vgui_TeamFortressViewport.cpp">
      <Filter>Source Files</Filter>
    </ClCompile>
    <ClCompile Include="vgui_teammenu.cpp">
      <Filter>Source Files</Filter>
    </ClCompile>
    <ClCompile Include="view.cpp">
      <Filter>Source Files</Filter>
    </ClCompile>
    <ClCompile Include="..\pm_shared\pm_shared.cpp">
      <Filter>Source Files</Filter>
    </ClCompile>
    <ClCompile Include="..\pm_shared\pm_debug.cpp">
      <Filter>Source Files</Filter>
    </ClCompile>
    <ClCompile Include="..\pm_shared\pm_math.cpp">
      <Filter>Source Files</Filter>
    </ClCompile>
    <ClCompile Include="VRInputAction.cpp">
      <Filter>VR\input</Filter>
    </ClCompile>
    <ClCompile Include="VRInputMovementHandlers.cpp">
      <Filter>VR\input\handlers</Filter>
    </ClCompile>
    <ClCompile Include="VRInputWeaponsHandlers.cpp">
      <Filter>VR\input\handlers</Filter>
    </ClCompile>
    <ClCompile Include="VRInputOtherHandlers.cpp">
      <Filter>VR\input\handlers</Filter>
    </ClCompile>
    <ClCompile Include="VRInputPosesHandlers.cpp">
      <Filter>VR\input\handlers</Filter>
    </ClCompile>
    <ClCompile Include="LodePNG\lodepng.cpp">
      <Filter>VR\stuff\LodePNG</Filter>
    </ClCompile>
    <ClCompile Include="VRInputHLWindow.cpp">
      <Filter>VR\input</Filter>
    </ClCompile>
    <ClCompile Include="VRDebugPhysicsRenderer.cpp">
      <Filter>VR\renderer</Filter>
    </ClCompile>
    <ClCompile Include="VRHUDRenderer.cpp">
      <Filter>VR\renderer</Filter>
    </ClCompile>
    <ClCompile Include="VRIntermissionAndMenuRenderer.cpp">
      <Filter>VR\renderer</Filter>
    </ClCompile>
    <ClCompile Include="VRTextureHelper.cpp">
      <Filter>VR\helpers</Filter>
    </ClCompile>
    <ClCompile Include="VRInput.cpp">
      <Filter>VR\input</Filter>
    </ClCompile>
    <ClCompile Include="VRRenderer.cpp">
      <Filter>VR\renderer</Filter>
    </ClCompile>
    <ClCompile Include="VRHelper.cpp">
      <Filter>VR\helpers</Filter>
    </ClCompile>
    <ClCompile Include="VRInputHLMenu.cpp">
      <Filter>VR\input</Filter>
    </ClCompile>
    <ClCompile Include="VRModExtraDataCacheHook.cpp">
      <Filter>VR\helpers</Filter>
    </ClCompile>
    <ClCompile Include="VRSpeechListener.cpp">
      <Filter>VR\input</Filter>
    </ClCompile>
    <ClCompile Include="VRSettings.cpp">
      <Filter>VR\helpers</Filter>
    </ClCompile>
    <ClCompile Include="Matrices.cpp">
      <Filter>VR\stuff\Matrices</Filter>
    </ClCompile>
    <ClCompile Include="vr_gl.cpp">
      <Filter>VR\stuff\opengl</Filter>
    </ClCompile>
    <ClCompile Include="VROpenGLInterceptor.cpp">
      <Filter>VR\stuff\opengl</Filter>
    </ClCompile>
    <ClCompile Include="VRSound.cpp">
      <Filter>VR\sound</Filter>
    </ClCompile>
    <ClCompile Include="metahook.cpp">
      <Filter>VR\metahook</Filter>
    </ClCompile>
    <ClCompile Include="snd_hook.cpp">
      <Filter>VR\sound\MetaAudio</Filter>
    </ClCompile>
    <ClCompile Include="VRClientDLLUnloadHandler.cpp">
      <Filter>VR\stuff</Filter>
    </ClCompile>
    <ClCompile Include="VREngineRandomInterceptor.cpp">
      <Filter>VR\helpers\random</Filter>
    </ClCompile>
  </ItemGroup>
  <ItemGroup>
    <ClInclude Include="parsemsg.h">
      <Filter>Source Files</Filter>
    </ClInclude>
    <ClInclude Include="ammo.h">
      <Filter>Header Files</Filter>
    </ClInclude>
    <ClInclude Include="ammohistory.h">
      <Filter>Header Files</Filter>
    </ClInclude>
    <ClInclude Include="camera.h">
      <Filter>Header Files</Filter>
    </ClInclude>
    <ClInclude Include="cl_dll.h">
      <Filter>Header Files</Filter>
    </ClInclude>
    <ClInclude Include="com_weapons.h">
      <Filter>Header Files</Filter>
    </ClInclude>
    <ClInclude Include="demo.h">
      <Filter>Header Files</Filter>
    </ClInclude>
    <ClInclude Include="ev_hldm.h">
      <Filter>Header Files</Filter>
    </ClInclude>
    <ClInclude Include="eventscripts.h">
      <Filter>Header Files</Filter>
    </ClInclude>
    <ClInclude Include="GameStudioModelRenderer.h">
      <Filter>Header Files</Filter>
    </ClInclude>
    <ClInclude Include="health.h">
      <Filter>Header Files</Filter>
    </ClInclude>
    <ClInclude Include="hud.h">
      <Filter>Header Files</Filter>
    </ClInclude>
    <ClInclude Include="hud_iface.h">
      <Filter>Header Files</Filter>
    </ClInclude>
    <ClInclude Include="hud_servers.h">
      <Filter>Header Files</Filter>
    </ClInclude>
    <ClInclude Include="hud_servers_priv.h">
      <Filter>Header Files</Filter>
    </ClInclude>
    <ClInclude Include="hud_spectator.h">
      <Filter>Header Files</Filter>
    </ClInclude>
    <ClInclude Include="in_defs.h">
      <Filter>Header Files</Filter>
    </ClInclude>
    <ClInclude Include="..\common\itrackeruser.h">
      <Filter>Header Files</Filter>
    </ClInclude>
    <ClInclude Include="kbutton.h">
      <Filter>Header Files</Filter>
    </ClInclude>
    <ClInclude Include="overview.h">
      <Filter>Header Files</Filter>
    </ClInclude>
    <ClInclude Include="..\pm_shared\pm_debug.h">
      <Filter>Header Files</Filter>
    </ClInclude>
    <ClInclude Include="..\pm_shared\pm_defs.h">
      <Filter>Header Files</Filter>
    </ClInclude>
    <ClInclude Include="..\pm_shared\pm_info.h">
      <Filter>Header Files</Filter>
    </ClInclude>
    <ClInclude Include="..\pm_shared\pm_materials.h">
      <Filter>Header Files</Filter>
    </ClInclude>
    <ClInclude Include="..\pm_shared\pm_movevars.h">
      <Filter>Header Files</Filter>
    </ClInclude>
    <ClInclude Include="..\pm_shared\pm_shared.h">
      <Filter>Header Files</Filter>
    </ClInclude>
    <ClInclude Include="studio_util.h">
      <Filter>Header Files</Filter>
    </ClInclude>
    <ClInclude Include="StudioModelRenderer.h">
      <Filter>Header Files</Filter>
    </ClInclude>
    <ClInclude Include="util.h">
      <Filter>Header Files</Filter>
    </ClInclude>
    <ClInclude Include="util_vector.h">
      <Filter>Header Files</Filter>
    </ClInclude>
    <ClInclude Include="vgui_ConsolePanel.h">
      <Filter>Header Files</Filter>
    </ClInclude>
    <ClInclude Include="vgui_ControlConfigPanel.h">
      <Filter>Header Files</Filter>
    </ClInclude>
    <ClInclude Include="vgui_int.h">
      <Filter>Header Files</Filter>
    </ClInclude>
    <ClInclude Include="vgui_SchemeManager.h">
      <Filter>Header Files</Filter>
    </ClInclude>
    <ClInclude Include="vgui_ScorePanel.h">
      <Filter>Header Files</Filter>
    </ClInclude>
    <ClInclude Include="vgui_ServerBrowser.h">
      <Filter>Header Files</Filter>
    </ClInclude>
    <ClInclude Include="vgui_SpectatorPanel.h">
      <Filter>Header Files</Filter>
    </ClInclude>
    <ClInclude Include="vgui_TeamFortressViewport.h">
      <Filter>Header Files</Filter>
    </ClInclude>
    <ClInclude Include="view.h">
      <Filter>Header Files</Filter>
    </ClInclude>
    <ClInclude Include="..\game_shared\voice_banmgr.h">
      <Filter>Header Files</Filter>
    </ClInclude>
    <ClInclude Include="..\game_shared\voice_status.h">
      <Filter>Header Files</Filter>
    </ClInclude>
    <ClInclude Include="..\game_shared\voice_vgui_tweakdlg.h">
      <Filter>Header Files</Filter>
    </ClInclude>
    <ClInclude Include="wrect.h">
      <Filter>Header Files</Filter>
    </ClInclude>
    <ClInclude Include="Vectors.h">
      <Filter>Header Files</Filter>
    </ClInclude>
    <ClInclude Include="VRInputAction.h">
      <Filter>VR\input</Filter>
    </ClInclude>
    <ClInclude Include="VRInputHandlers.h">
      <Filter>VR\input</Filter>
    </ClInclude>
    <ClInclude Include="LodePNG\lodepng.h">
      <Filter>VR\stuff\LodePNG</Filter>
    </ClInclude>
    <ClInclude Include="VRTextureHelper.h">
      <Filter>VR\helpers</Filter>
    </ClInclude>
    <ClInclude Include="VRInput.h">
      <Filter>VR\input</Filter>
    </ClInclude>
    <ClInclude Include="VRRenderer.h">
      <Filter>VR\renderer</Filter>
    </ClInclude>
    <ClInclude Include="VRHelper.h">
      <Filter>VR\helpers</Filter>
    </ClInclude>
    <ClInclude Include="IGameConsole.h">
      <Filter>Header Files\gameui</Filter>
    </ClInclude>
    <ClInclude Include="VRSpeechListener.h">
      <Filter>VR\input</Filter>
    </ClInclude>
    <ClInclude Include="VRSettings.h">
      <Filter>VR\helpers</Filter>
    </ClInclude>
    <ClInclude Include="..\vr_shared\VRShared.h">
      <Filter>VR\vr_shared</Filter>
    </ClInclude>
    <ClInclude Include="Matrices.h">
      <Filter>VR\stuff\Matrices</Filter>
    </ClInclude>
    <ClInclude Include="vr_gl.h">
      <Filter>VR\stuff\opengl</Filter>
    </ClInclude>
    <ClInclude Include="VROpenGLInterceptor.h">
      <Filter>VR\stuff\opengl</Filter>
    </ClInclude>
    <ClInclude Include="VRCommon.h">
      <Filter>VR\vr_shared</Filter>
    </ClInclude>
    <ClInclude Include="VRSound.h">
      <Filter>VR\sound</Filter>
    </ClInclude>
    <ClInclude Include="metahook.h">
      <Filter>VR\metahook</Filter>
    </ClInclude>
    <ClInclude Include="snd_hook.h">
      <Filter>VR\sound\MetaAudio</Filter>
    </ClInclude>
    <ClInclude Include="dr_wav.h">
      <Filter>VR\sound\dr_wav</Filter>
    </ClInclude>
    <ClInclude Include="VREngineRandomInterceptor.h">
      <Filter>VR\helpers\random</Filter>
    </ClInclude>
  </ItemGroup>
</Project>