
Microsoft Visual Studio Solution File, Format Version 12.00
# Visual Studio Version 16
VisualStudioVersion = 16.0.29102.190
MinimumVisualStudioVersion = 10.0.40219.1
Project("{8BC9CEB8-8B4A-11D0-8D11-00A0C91BC942}") = "hl", "dlls\hl.vcxproj", "{C4CD1E9E-A484-4436-A729-9B913BAE6A26}"
EndProject
Project("{8BC9CEB8-8B4A-11D0-8D11-00A0C91BC942}") = "cl_dll", "cl_dll\cl_dll.vcxproj", "{63DEED01-E58B-43FC-9723-FD8987454C75}"
EndProject
Project("{FAE04EC0-301F-11D3-BF4B-00C04F79EFBC}") = "HLVRConfig", "HLVRConfig\HLVRConfig.csproj", "{47168417-6749-49B5-AF9E-7FD855B388A7}"
EndProject
Global
	GlobalSection(SolutionConfigurationPlatforms) = preSolution
		Debug|x86 = Debug|x86
		Release|x86 = Release|x86
	EndGlobalSection
	GlobalSection(ProjectConfigurationPlatforms) = postSolution
		{C4CD1E9E-A484-4436-A729-9B913BAE6A26}.Debug|x86.ActiveCfg = Debug|Win32
		{C4CD1E9E-A484-4436-A729-9B913BAE6A26}.Debug|x86.Build.0 = Debug|Win32
		{C4CD1E9E-A484-4436-A729-9B913BAE6A26}.Release|x86.ActiveCfg = Release|Win32
		{C4CD1E9E-A484-4436-A729-9B913BAE6A26}.Release|x86.Build.0 = Release|Win32
		{63DEED01-E58B-43FC-9723-FD8987454C75}.Debug|x86.ActiveCfg = Debug|Win32
		{63DEED01-E58B-43FC-9723-FD8987454C75}.Debug|x86.Build.0 = Debug|Win32
		{63DEED01-E58B-43FC-9723-FD8987454C75}.Release|x86.ActiveCfg = Release|Win32
		{63DEED01-E58B-43FC-9723-FD8987454C75}.Release|x86.Build.0 = Release|Win32
		{47168417-6749-49B5-AF9E-7FD855B388A7}.Debug|x86.ActiveCfg = Debug|Any CPU
		{47168417-6749-49B5-AF9E-7FD855B388A7}.Debug|x86.Build.0 = Debug|Any CPU
		{47168417-6749-49B5-AF9E-7FD855B388A7}.Release|x86.ActiveCfg = Release|Any CPU
		{47168417-6749-49B5-AF9E-7FD855B388A7}.Release|x86.Build.0 = Release|Any CPU
	EndGlobalSection
	GlobalSection(SolutionProperties) = preSolution
		HideSolutionNode = FALSE
	EndGlobalSection
	GlobalSection(ExtensibilityGlobals) = postSolution
		SolutionGuid = {FCF248E0-DFD7-4C05-B445-3A114E926C18}
	EndGlobalSection
EndGlobal
